{
  "name": "test",
  "version": "1.0.0",
  "lockfileVersion": 2,
  "requires": true,
  "packages": {
    "": {
      "name": "test",
      "version": "1.0.0",
      "license": "ISC",
      "dependencies": {
        "@mediapipe/pose": "^0.4.1630009814"
      }
    },
    "node_modules/@mediapipe/pose": {
      "version": "0.4.1630009814",
      "resolved": "https://registry.npmjs.org/@mediapipe/pose/-/pose-0.4.1630009814.tgz",
      "integrity": "sha512-sJ1PLdKcpND3Qy+TX/jcu09Qgkkvncf5floXls8xmrSX2OQWzL4G55Wu+bXUm9eUc0y9tsP+wbkt0HI4Y7qx4g=="
    }
  },
  "dependencies": {
    "@mediapipe/pose": {
      "version": "0.4.1630009814",
      "resolved": "https://registry.npmjs.org/@mediapipe/pose/-/pose-0.4.1630009814.tgz",
      "integrity": "sha512-sJ1PLdKcpND3Qy+TX/jcu09Qgkkvncf5floXls8xmrSX2OQWzL4G55Wu+bXUm9eUc0y9tsP+wbkt0HI4Y7qx4g=="
    }
  }
}
