{
  "name": "node-red-hand",
  "version": "1.0.0",
  "lockfileVersion": 1,
  "requires": true,
  "dependencies": {
    "compute-cosine-similarity": {
      "version": "1.0.0",
      "resolved": "https://registry.npmjs.org/compute-cosine-similarity/-/compute-cosine-similarity-1.0.0.tgz",
      "integrity": "sha1-KfK/Lnuu+iMcq6QFkaMcF7GaTpU=",
      "requires": {
        "compute-dot": "^1.1.0",
        "compute-l2norm": "^1.1.0",
        "validate.io-array": "^1.0.5",
        "validate.io-function": "^1.0.2"
      }
    },
    "compute-dot": {
      "version": "1.1.0",
      "resolved": "https://registry.npmjs.org/compute-dot/-/compute-dot-1.1.0.tgz",
      "integrity": "sha1-AaW6LHr3O5kAKsslhFnJV2qCMtw=",
      "requires": {
        "validate.io-array": "^1.0.3",
        "validate.io-function": "^1.0.2"
      }
    },
    "compute-l2norm": {
      "version": "1.1.0",
      "resolved": "https://registry.npmjs.org/compute-l2norm/-/compute-l2norm-1.1.0.tgz",
      "integrity": "sha1-vQkTHGs2yNcMaDNOF2AJpOCpiaw=",
      "requires": {
        "validate.io-array": "^1.0.3",
        "validate.io-function": "^1.0.2"
      }
    },
    "validate.io-array": {
      "version": "1.0.6",
      "resolved": "https://registry.npmjs.org/validate.io-array/-/validate.io-array-1.0.6.tgz",
      "integrity": "sha1-W1osr9j4uFq7L4hroVPy2Tond00="
    },
    "validate.io-function": {
      "version": "1.0.2",
      "resolved": "https://registry.npmjs.org/validate.io-function/-/validate.io-function-1.0.2.tgz",
      "integrity": "sha1-NDoZgC7TsZaCaceA5VjpNBHAutc="
    }
  }
}
